
Microsoft Visual Studio Solution File, Format Version 12.00
# Visual Studio 15
VisualStudioVersion = 15.0.26124.0
MinimumVisualStudioVersion = 15.0.26124.0
Project("{FAE04EC0-301F-11D3-BF4B-00C04F79EFBC}") = "API", "API\API.csproj", "{E07FDB6B-566B-4A16-B49B-013B6DF664A6}"
EndProject
Project("{FAE04EC0-301F-11D3-BF4B-00C04F79EFBC}") = "Core", "Core\Core.csproj", "{267219F1-C409-457F-81BA-F4C701C946B0}"
EndProject
Project("{FAE04EC0-301F-11D3-BF4B-00C04F79EFBC}") = "Infrastructure", "Infrastructure\Infrastructure.csproj", "{89C56A17-58BF-48C5-BBBB-EC5E5D1E3874}"
EndProject
Global
	GlobalSection(SolutionConfigurationPlatforms) = preSolution
		Debug|Any CPU = Debug|Any CPU
		Debug|x64 = Debug|x64
		Debug|x86 = Debug|x86
		Release|Any CPU = Release|Any CPU
		Release|x64 = Release|x64
		Release|x86 = Release|x86
	EndGlobalSection
	GlobalSection(SolutionProperties) = preSolution
		HideSolutionNode = FALSE
	EndGlobalSection
	GlobalSection(ProjectConfigurationPlatforms) = postSolution
		{E07FDB6B-566B-4A16-B49B-013B6DF664A6}.Debug|Any CPU.ActiveCfg = Debug|Any CPU
		{E07FDB6B-566B-4A16-B49B-013B6DF664A6}.Debug|Any CPU.Build.0 = Debug|Any CPU
		{E07FDB6B-566B-4A16-B49B-013B6DF664A6}.Debug|x64.ActiveCfg = Debug|Any CPU
		{E07FDB6B-566B-4A16-B49B-013B6DF664A6}.Debug|x64.Build.0 = Debug|Any CPU
		{E07FDB6B-566B-4A16-B49B-013B6DF664A6}.Debug|x86.ActiveCfg = Debug|Any CPU
		{E07FDB6B-566B-4A16-B49B-013B6DF664A6}.Debug|x86.Build.0 = Debug|Any CPU
		{E07FDB6B-566B-4A16-B49B-013B6DF664A6}.Release|Any CPU.ActiveCfg = Release|Any CPU
		{E07FDB6B-566B-4A16-B49B-013B6DF664A6}.Release|Any CPU.Build.0 = Release|Any CPU
		{E07FDB6B-566B-4A16-B49B-013B6DF664A6}.Release|x64.ActiveCfg = Release|Any CPU
		{E07FDB6B-566B-4A16-B49B-013B6DF664A6}.Release|x64.Build.0 = Release|Any CPU
		{E07FDB6B-566B-4A16-B49B-013B6DF664A6}.Release|x86.ActiveCfg = Release|Any CPU
		{E07FDB6B-566B-4A16-B49B-013B6DF664A6}.Release|x86.Build.0 = Release|Any CPU
		{267219F1-C409-457F-81BA-F4C701C946B0}.Debug|Any CPU.ActiveCfg = Debug|Any CPU
		{267219F1-C409-457F-81BA-F4C701C946B0}.Debug|Any CPU.Build.0 = Debug|Any CPU
		{267219F1-C409-457F-81BA-F4C701C946B0}.Debug|x64.ActiveCfg = Debug|Any CPU
		{267219F1-C409-457F-81BA-F4C701C946B0}.Debug|x64.Build.0 = Debug|Any CPU
		{267219F1-C409-457F-81BA-F4C701C946B0}.Debug|x86.ActiveCfg = Debug|Any CPU
		{267219F1-C409-457F-81BA-F4C701C946B0}.Debug|x86.Build.0 = Debug|Any CPU
		{267219F1-C409-457F-81BA-F4C701C946B0}.Release|Any CPU.ActiveCfg = Release|Any CPU
		{267219F1-C409-457F-81BA-F4C701C946B0}.Release|Any CPU.Build.0 = Release|Any CPU
		{267219F1-C409-457F-81BA-F4C701C946B0}.Release|x64.ActiveCfg = Release|Any CPU
		{267219F1-C409-457F-81BA-F4C701C946B0}.Release|x64.Build.0 = Release|Any CPU
		{267219F1-C409-457F-81BA-F4C701C946B0}.Release|x86.ActiveCfg = Release|Any CPU
		{267219F1-C409-457F-81BA-F4C701C946B0}.Release|x86.Build.0 = Release|Any CPU
		{89C56A17-58BF-48C5-BBBB-EC5E5D1E3874}.Debug|Any CPU.ActiveCfg = Debug|Any CPU
		{89C56A17-58BF-48C5-BBBB-EC5E5D1E3874}.Debug|Any CPU.Build.0 = Debug|Any CPU
		{89C56A17-58BF-48C5-BBBB-EC5E5D1E3874}.Debug|x64.ActiveCfg = Debug|Any CPU
		{89C56A17-58BF-48C5-BBBB-EC5E5D1E3874}.Debug|x64.Build.0 = Debug|Any CPU
		{89C56A17-58BF-48C5-BBBB-EC5E5D1E3874}.Debug|x86.ActiveCfg = Debug|Any CPU
		{89C56A17-58BF-48C5-BBBB-EC5E5D1E3874}.Debug|x86.Build.0 = Debug|Any CPU
		{89C56A17-58BF-48C5-BBBB-EC5E5D1E3874}.Release|Any CPU.ActiveCfg = Release|Any CPU
		{89C56A17-58BF-48C5-BBBB-EC5E5D1E3874}.Release|Any CPU.Build.0 = Release|Any CPU
		{89C56A17-58BF-48C5-BBBB-EC5E5D1E3874}.Release|x64.ActiveCfg = Release|Any CPU
		{89C56A17-58BF-48C5-BBBB-EC5E5D1E3874}.Release|x64.Build.0 = Release|Any CPU
		{89C56A17-58BF-48C5-BBBB-EC5E5D1E3874}.Release|x86.ActiveCfg = Release|Any CPU
		{89C56A17-58BF-48C5-BBBB-EC5E5D1E3874}.Release|x86.Build.0 = Release|Any CPU
	EndGlobalSection
EndGlobal
